{
  "name": "shify",
  "version": "3.0.0",
  "lockfileVersion": 1,
  "requires": true,
  "dependencies": {
    "ntils": {
      "version": "2.1.2",
      "resolved": "http://registry.npm.taobao.org/ntils/download/ntils-2.1.2.tgz"
    },
    "stp": {
      "version": "0.0.4",
      "resolved": "http://registry.npm.taobao.org/stp/download/stp-0.0.4.tgz"
    }
  }
}
